
Microsoft Visual Studio Solution File, Format Version 11.00
# Visual Studio 2010
# SharpDevelop 5.1
Project("{FAE04EC0-301F-11D3-BF4B-00C04F79EFBC}") = "jokenpo", "jokenpo\jokenpo.csproj", "{8FBEF34E-A0A8-4DEB-95A8-AE56263A5099}"
EndProject
Global
	GlobalSection(SolutionConfigurationPlatforms) = preSolution
		Debug|Any CPU = Debug|Any CPU
		Release|Any CPU = Release|Any CPU
	EndGlobalSection
	GlobalSection(ProjectConfigurationPlatforms) = postSolution
		{8FBEF34E-A0A8-4DEB-95A8-AE56263A5099}.Debug|Any CPU.ActiveCfg = Debug|Any CPU
		{8FBEF34E-A0A8-4DEB-95A8-AE56263A5099}.Debug|Any CPU.Build.0 = Debug|Any CPU
		{8FBEF34E-A0A8-4DEB-95A8-AE56263A5099}.Release|Any CPU.ActiveCfg = Release|Any CPU
		{8FBEF34E-A0A8-4DEB-95A8-AE56263A5099}.Release|Any CPU.Build.0 = Release|Any CPU
	EndGlobalSection
EndGlobal
